
Microsoft Visual Studio Solution File, Format Version 12.00
# Visual Studio Version 17
VisualStudioVersion = 17.0.31903.59
MinimumVisualStudioVersion = 10.0.40219.1
Project("{FAE04EC0-301F-11D3-BF4B-00C04F79EFBC}") = "Lib", "..\Lib\Lib.csproj", "{9A30C68B-4B85-43A3-831D-1DE336E1EB84}"
EndProject
Project("{FAE04EC0-301F-11D3-BF4B-00C04F79EFBC}") = "WinFormApp", "WinFormApp.csproj", "{52D39D62-0D9B-45F7-9189-6AAF05D47DE5}"
EndProject
Global
	GlobalSection(SolutionConfigurationPlatforms) = preSolution
		Debug|Any CPU = Debug|Any CPU
		Release|Any CPU = Release|Any CPU
	EndGlobalSection
	GlobalSection(SolutionProperties) = preSolution
		HideSolutionNode = FALSE
	EndGlobalSection
	GlobalSection(ProjectConfigurationPlatforms) = postSolution
		{9A30C68B-4B85-43A3-831D-1DE336E1EB84}.Debug|Any CPU.ActiveCfg = Debug|Any CPU
		{9A30C68B-4B85-43A3-831D-1DE336E1EB84}.Debug|Any CPU.Build.0 = Debug|Any CPU
		{9A30C68B-4B85-43A3-831D-1DE336E1EB84}.Release|Any CPU.ActiveCfg = Release|Any CPU
		{9A30C68B-4B85-43A3-831D-1DE336E1EB84}.Release|Any CPU.Build.0 = Release|Any CPU
		{52D39D62-0D9B-45F7-9189-6AAF05D47DE5}.Debug|Any CPU.ActiveCfg = Debug|Any CPU
		{52D39D62-0D9B-45F7-9189-6AAF05D47DE5}.Debug|Any CPU.Build.0 = Debug|Any CPU
		{52D39D62-0D9B-45F7-9189-6AAF05D47DE5}.Release|Any CPU.ActiveCfg = Release|Any CPU
		{52D39D62-0D9B-45F7-9189-6AAF05D47DE5}.Release|Any CPU.Build.0 = Release|Any CPU
	EndGlobalSection
EndGlobal
